
Microsoft Visual Studio Solution File, Format Version 12.00
# Visual Studio Version 17
VisualStudioVersion = 17.11.35431.28
MinimumVisualStudioVersion = 10.0.40219.1
Project("{FAE04EC0-301F-11D3-BF4B-00C04F79EFBC}") = "ServicioFinal", "ServicioFinal\ServicioFinal.csproj", "{3801968C-D671-46D9-A3CE-7CB13CD2B7F6}"
EndProject
Global
	GlobalSection(SolutionConfigurationPlatforms) = preSolution
		Debug|Any CPU = Debug|Any CPU
		Release|Any CPU = Release|Any CPU
	EndGlobalSection
	GlobalSection(ProjectConfigurationPlatforms) = postSolution
		{3801968C-D671-46D9-A3CE-7CB13CD2B7F6}.Debug|Any CPU.ActiveCfg = Debug|Any CPU
		{3801968C-D671-46D9-A3CE-7CB13CD2B7F6}.Debug|Any CPU.Build.0 = Debug|Any CPU
		{3801968C-D671-46D9-A3CE-7CB13CD2B7F6}.Release|Any CPU.ActiveCfg = Release|Any CPU
		{3801968C-D671-46D9-A3CE-7CB13CD2B7F6}.Release|Any CPU.Build.0 = Release|Any CPU
	EndGlobalSection
	GlobalSection(SolutionProperties) = preSolution
		HideSolutionNode = FALSE
	EndGlobalSection
	GlobalSection(ExtensibilityGlobals) = postSolution
		SolutionGuid = {B9C5A39C-540B-4BEB-8F11-F62A83BCD4D8}
	EndGlobalSection
EndGlobal
